
Microsoft Visual Studio Solution File, Format Version 12.00
# Visual Studio Version 16
VisualStudioVersion = 16.0.30413.136
MinimumVisualStudioVersion = 10.0.40219.1
Project("{FAE04EC0-301F-11D3-BF4B-00C04F79EFBC}") = "api-dev-boost-auth", "api-dev-boost-auth\api-dev-boost-auth.csproj", "{1245B353-76D3-4668-B83F-58ABCB780207}"
EndProject
Global
	GlobalSection(SolutionConfigurationPlatforms) = preSolution
		Debug|Any CPU = Debug|Any CPU
		Release|Any CPU = Release|Any CPU
	EndGlobalSection
	GlobalSection(ProjectConfigurationPlatforms) = postSolution
		{1245B353-76D3-4668-B83F-58ABCB780207}.Debug|Any CPU.ActiveCfg = Debug|Any CPU
		{1245B353-76D3-4668-B83F-58ABCB780207}.Debug|Any CPU.Build.0 = Debug|Any CPU
		{1245B353-76D3-4668-B83F-58ABCB780207}.Release|Any CPU.ActiveCfg = Release|Any CPU
		{1245B353-76D3-4668-B83F-58ABCB780207}.Release|Any CPU.Build.0 = Release|Any CPU
	EndGlobalSection
	GlobalSection(SolutionProperties) = preSolution
		HideSolutionNode = FALSE
	EndGlobalSection
	GlobalSection(ExtensibilityGlobals) = postSolution
		SolutionGuid = {36E42CC4-C3EF-468C-A6C4-F8515511A602}
	EndGlobalSection
EndGlobal
